{
    "_readme": [
        "This file locks the dependencies of your project to a known state",
        "Read more about it at http://getcomposer.org/doc/01-basic-usage.md#composer-lock-the-lock-file",
        "This file is @generated automatically"
    ],
    "hash": "919cf2be8c8687d751c32c32a2f69fb1",
    "packages": [
        {
            "name": "xamin/handlebars.php",
            "version": "dev-master",
            "source": {
                "type": "git",
                "url": "https://github.com/XaminProject/handlebars.php.git",
                "reference": "d0bbcb07b700f0efca94a97ea3852c0c671439d4"
            },
            "dist": {
                "type": "zip",
                "url": "https://api.github.com/repos/XaminProject/handlebars.php/zipball/d0bbcb07b700f0efca94a97ea3852c0c671439d4",
                "reference": "d0bbcb07b700f0efca94a97ea3852c0c671439d4",
                "shasum": ""
            },
            "require-dev": {
                "phpunit/phpunit": "~4.4",
                "squizlabs/php_codesniffer": "~1.5"
            },
            "type": "library",
            "autoload": {
                "psr-0": {
                    "Handlebars": "src/"
                }
            },
            "notification-url": "https://packagist.org/downloads/",
            "license": [
                "MIT"
            ],
            "authors": [
                {
                    "name": "fzerorubigd",
                    "email": "fzerorubigd@gmail.com"
                },
                {
                    "name": "Behrooz Shabani (everplays)",
                    "email": "everplays@gmail.com"
                }
            ],
            "description": "Handlebars processor for php",
            "homepage": "https://github.com/XaminProject/handlebars.php",
            "time": "2014-12-17 15:11:01"
        }
    ],
    "packages-dev": [],
    "aliases": [],
    "minimum-stability": "stable",
    "stability-flags": {
        "xamin/handlebars.php": 20
    },
    "prefer-stable": false,
    "platform": [],
    "platform-dev": []
}
